
Microsoft Visual Studio Solution File, Format Version 12.00
# Visual Studio Version 17
VisualStudioVersion = 17.12.35527.113 d17.12
MinimumVisualStudioVersion = 10.0.40219.1
Project("{FAE04EC0-301F-11D3-BF4B-00C04F79EFBC}") = "GymRadar.API", "GymRadar.API\GymRadar.API.csproj", "{45209363-4F61-49F4-954C-2455CF4FF3D9}"
EndProject
Project("{FAE04EC0-301F-11D3-BF4B-00C04F79EFBC}") = "GymRadar.Model", "GymRadar.Model\GymRadar.Model.csproj", "{B291019B-4921-4A7D-B54C-F7C43FD1CD47}"
EndProject
Project("{FAE04EC0-301F-11D3-BF4B-00C04F79EFBC}") = "GymRadar.Repository", "GymRadar.Repository\GymRadar.Repository.csproj", "{C30DC863-3C7C-4D24-A884-32B6C32E4F4B}"
EndProject
Project("{FAE04EC0-301F-11D3-BF4B-00C04F79EFBC}") = "GymRadar.Service", "GymRadar.Service\GymRadar.Service.csproj", "{E2E325B2-147F-4D82-9A97-31594556FDCB}"
EndProject
Global
	GlobalSection(SolutionConfigurationPlatforms) = preSolution
		Debug|Any CPU = Debug|Any CPU
		Release|Any CPU = Release|Any CPU
	EndGlobalSection
	GlobalSection(ProjectConfigurationPlatforms) = postSolution
		{45209363-4F61-49F4-954C-2455CF4FF3D9}.Debug|Any CPU.ActiveCfg = Debug|Any CPU
		{45209363-4F61-49F4-954C-2455CF4FF3D9}.Debug|Any CPU.Build.0 = Debug|Any CPU
		{45209363-4F61-49F4-954C-2455CF4FF3D9}.Release|Any CPU.ActiveCfg = Release|Any CPU
		{45209363-4F61-49F4-954C-2455CF4FF3D9}.Release|Any CPU.Build.0 = Release|Any CPU
		{B291019B-4921-4A7D-B54C-F7C43FD1CD47}.Debug|Any CPU.ActiveCfg = Debug|Any CPU
		{B291019B-4921-4A7D-B54C-F7C43FD1CD47}.Debug|Any CPU.Build.0 = Debug|Any CPU
		{B291019B-4921-4A7D-B54C-F7C43FD1CD47}.Release|Any CPU.ActiveCfg = Release|Any CPU
		{B291019B-4921-4A7D-B54C-F7C43FD1CD47}.Release|Any CPU.Build.0 = Release|Any CPU
		{C30DC863-3C7C-4D24-A884-32B6C32E4F4B}.Debug|Any CPU.ActiveCfg = Debug|Any CPU
		{C30DC863-3C7C-4D24-A884-32B6C32E4F4B}.Debug|Any CPU.Build.0 = Debug|Any CPU
		{C30DC863-3C7C-4D24-A884-32B6C32E4F4B}.Release|Any CPU.ActiveCfg = Release|Any CPU
		{C30DC863-3C7C-4D24-A884-32B6C32E4F4B}.Release|Any CPU.Build.0 = Release|Any CPU
		{E2E325B2-147F-4D82-9A97-31594556FDCB}.Debug|Any CPU.ActiveCfg = Debug|Any CPU
		{E2E325B2-147F-4D82-9A97-31594556FDCB}.Debug|Any CPU.Build.0 = Debug|Any CPU
		{E2E325B2-147F-4D82-9A97-31594556FDCB}.Release|Any CPU.ActiveCfg = Release|Any CPU
		{E2E325B2-147F-4D82-9A97-31594556FDCB}.Release|Any CPU.Build.0 = Release|Any CPU
	EndGlobalSection
	GlobalSection(SolutionProperties) = preSolution
		HideSolutionNode = FALSE
	EndGlobalSection
EndGlobal
